PODS:
  - RxCocoa (5.0.0):
    - RxRelay (~> 5)
    - RxSwift (~> 5)
  - RxRelay (5.0.0):
    - RxSwift (~> 5)
  - RxSwift (5.0.0)
  - SkyFloatingLabelTextField (3.7.0)

DEPENDENCIES:
  - RxCocoa (~> 5)
  - RxSwift (~> 5)
  - SkyFloatingLabelTextField (~> 3.0)

SPEC REPOS:
  https://github.com/cocoapods/specs.git:
    - RxCocoa
    - RxRelay
    - RxSwift
    - SkyFloatingLabelTextField

SPEC CHECKSUMS:
  RxCocoa: fcf32050ac00d801f34a7f71d5e8e7f23026dcd8
  RxRelay: 4f7409406a51a55cd88483f21ed898c234d60f18
  RxSwift: 8b0671caa829a763bbce7271095859121cbd895f
  SkyFloatingLabelTextField: 4b46db0ab1ccde0919cded29c656e6b4805eda04

PODFILE CHECKSUM: 6977ac13cb9f4516bdf2f7063bf15eec67ec7666

COCOAPODS: 1.6.1
